
Microsoft Visual Studio Solution File, Format Version 12.00
# Visual Studio Version 17
VisualStudioVersion = 17.9.34728.123
MinimumVisualStudioVersion = 10.0.40219.1
Project("{FAE04EC0-301F-11D3-BF4B-00C04F79EFBC}") = "MyWebApi", "MyWebApi\MyWebApi.csproj", "{6770EECC-585D-4F3B-AC31-06E06739516E}"
EndProject
Global
	GlobalSection(SolutionConfigurationPlatforms) = preSolution
		Debug|Any CPU = Debug|Any CPU
		Release|Any CPU = Release|Any CPU
	EndGlobalSection
	GlobalSection(ProjectConfigurationPlatforms) = postSolution
		{6770EECC-585D-4F3B-AC31-06E06739516E}.Debug|Any CPU.ActiveCfg = Debug|Any CPU
		{6770EECC-585D-4F3B-AC31-06E06739516E}.Debug|Any CPU.Build.0 = Debug|Any CPU
		{6770EECC-585D-4F3B-AC31-06E06739516E}.Release|Any CPU.ActiveCfg = Release|Any CPU
		{6770EECC-585D-4F3B-AC31-06E06739516E}.Release|Any CPU.Build.0 = Release|Any CPU
	EndGlobalSection
	GlobalSection(SolutionProperties) = preSolution
		HideSolutionNode = FALSE
	EndGlobalSection
	GlobalSection(ExtensibilityGlobals) = postSolution
		SolutionGuid = {C89FC030-1190-4F99-A4E0-36FE13205642}
	EndGlobalSection
EndGlobal
